// !$*UTF8*$!
{
	archiveVersion = 1;
	classes = {
	};
	objectVersion = 46;
	objects = {

/* Begin PBXBuildFile section */
		DB5361851E071851007E0763 /* AppDelegate.swift in Sources */ = {isa = PBXBuildFile; fileRef = DB5361841E071851007E0763 /* AppDelegate.swift */; };
		DB5361871E071851007E0763 /* ViewController.swift in Sources */ = {isa = PBXBuildFile; fileRef = DB5361861E071851007E0763 /* ViewController.swift */; };
		DB53618A1E071851007E0763 /* Main.storyboard in Resources */ = {isa = PBXBuildFile; fileRef = DB5361881E071851007E0763 /* Main.storyboard */; };
		DB53618C1E071851007E0763 /* Assets.xcassets in Resources */ = {isa = PBXBuildFile; fileRef = DB53618B1E071851007E0763 /* Assets.xcassets */; };
		DB53618F1E071851007E0763 /* LaunchScreen.storyboard in Resources */ = {isa = PBXBuildFile; fileRef = DB53618D1E071851007E0763 /* LaunchScreen.storyboard */; };
		DB53619A1E071852007E0763 /* eggplant_brownieTests.swift in Sources */ = {isa = PBXBuildFile; fileRef = DB5361991E071852007E0763 /* eggplant_brownieTests.swift */; };
		DB5361A51E071852007E0763 /* eggplant_brownieUITests.swift in Sources */ = {isa = PBXBuildFile; fileRef = DB5361A41E071852007E0763 /* eggplant_brownieUITests.swift */; };
/* End PBXBuildFile section */

/* Begin PBXContainerItemProxy section */
		DB5361961E071852007E0763 /* PBXContainerItemProxy */ = {
			isa = PBXContainerItemProxy;
			containerPortal = DB5361791E071851007E0763 /* Project object */;
			proxyType = 1;
			remoteGlobalIDString = DB5361801E071851007E0763;
			remoteInfo = "eggplant-brownie";
		};
		DB5361A11E071852007E0763 /* PBXContainerItemProxy */ = {
			isa = PBXContainerItemProxy;
			containerPortal = DB5361791E071851007E0763 /* Project object */;
			proxyType = 1;
			remoteGlobalIDString = DB5361801E071851007E0763;
			remoteInfo = "eggplant-brownie";
		};
/* End PBXContainerItemProxy section */

/* Begin PBXFileReference section */
		DB5361811E071851007E0763 /* eggplant-brownie.app */ = {isa = PBXFileReference; explicitFileType = wrapper.application; includeInIndex = 0; path = "eggplant-brownie.app"; sourceTree = BUILT_PRODUCTS_DIR; };
		DB5361841E071851007E0763 /* AppDelegate.swift */ = {isa = PBXFileReference; lastKnownFileType = sourcecode.swift; path = AppDelegate.swift; sourceTree = "<group>"; };
		DB5361861E071851007E0763 /* ViewController.swift */ = {isa = PBXFileReference; lastKnownFileType = sourcecode.swift; path = ViewController.swift; sourceTree = "<group>"; };
		DB5361891E071851007E0763 /* Base */ = {isa = PBXFileReference; lastKnownFileType = file.storyboard; name = Base; path = Base.lproj/Main.storyboard; sourceTree = "<group>"; };
		DB53618B1E071851007E0763 /* Assets.xcassets */ = {isa = PBXFileReference; lastKnownFileType = folder.assetcatalog; path = Assets.xcassets; sourceTree = "<group>"; };
		DB53618E1E071851007E0763 /* Base */ = {isa = PBXFileReference; lastKnownFileType = file.storyboard; name = Base; path = Base.lproj/LaunchScreen.storyboard; sourceTree = "<group>"; };
		DB5361901E071851007E0763 /* Info.plist */ = {isa = PBXFileReference; lastKnownFileType = text.plist.xml; path = Info.plist; sourceTree = "<group>"; };
		DB5361951E071852007E0763 /* eggplant-brownieTests.xctest */ = {isa = PBXFileReference; explicitFileType = wrapper.cfbundle; includeInIndex = 0; path = "eggplant-brownieTests.xctest"; sourceTree = BUILT_PRODUCTS_DIR; };
		DB5361991E071852007E0763 /* eggplant_brownieTests.swift */ = {isa = PBXFileReference; lastKnownFileType = sourcecode.swift; path = eggplant_brownieTests.swift; sourceTree = "<group>"; };
		DB53619B1E071852007E0763 /* Info.plist */ = {isa = PBXFileReference; lastKnownFileType = text.plist.xml; path = Info.plist; sourceTree = "<group>"; };
		DB5361A01E071852007E0763 /* eggplant-brownieUITests.xctest */ = {isa = PBXFileReference; explicitFileType = wrapper.cfbundle; includeInIndex = 0; path = "eggplant-brownieUITests.xctest"; sourceTree = BUILT_PRODUCTS_DIR; };
		DB5361A41E071852007E0763 /* eggplant_brownieUITests.swift */ = {isa = PBXFileReference; lastKnownFileType = sourcecode.swift; path = eggplant_brownieUITests.swift; sourceTree = "<group>"; };
		DB5361A61E071852007E0763 /* Info.plist */ = {isa = PBXFileReference; lastKnownFileType = text.plist.xml; path = Info.plist; sourceTree = "<group>"; };
/* End PBXFileReference section */

/* Begin PBXFrameworksBuildPhase section */
		DB53617E1E071851007E0763 /* Frameworks */ = {
			isa = PBXFrameworksBuildPhase;
			buildActionMask = 2147483647;
			files = (
			);
			runOnlyForDeploymentPostprocessing = 0;
		};
		DB5361921E071852007E0763 /* Frameworks */ = {
			isa = PBXFrameworksBuildPhase;
			buildActionMask = 2147483647;
			files = (
			);
			runOnlyForDeploymentPostprocessing = 0;
		};
		DB53619D1E071852007E0763 /* Frameworks */ = {
			isa = PBXFrameworksBuildPhase;
			buildActionMask = 2147483647;
			files = (
			);
			runOnlyForDeploymentPostprocessing = 0;
		};
/* End PBXFrameworksBuildPhase section */

/* Begin PBXGroup section */
		DB5361781E071851007E0763 = {
			isa = PBXGroup;
			children = (
				DB5361831E071851007E0763 /* eggplant-brownie */,
				DB5361981E071852007E0763 /* eggplant-brownieTests */,
				DB5361A31E071852007E0763 /* eggplant-brownieUITests */,
				DB5361821E071851007E0763 /* Products */,
			);
			sourceTree = "<group>";
		};
		DB5361821E071851007E0763 /* Products */ = {
			isa = PBXGroup;
			children = (
				DB5361811E071851007E0763 /* eggplant-brownie.app */,
				DB5361951E071852007E0763 /* eggplant-brownieTests.xctest */,
				DB5361A01E071852007E0763 /* eggplant-brownieUITests.xctest */,
			);
			name = Products;
			sourceTree = "<group>";
		};
		DB5361831E071851007E0763 /* eggplant-brownie */ = {
			isa = PBXGroup;
			children = (
				DB5361841E071851007E0763 /* AppDelegate.swift */,
				DB5361861E071851007E0763 /* ViewController.swift */,
				DB5361881E071851007E0763 /* Main.storyboard */,
				DB53618B1E071851007E0763 /* Assets.xcassets */,
				DB53618D1E071851007E0763 /* LaunchScreen.storyboard */,
				DB5361901E071851007E0763 /* Info.plist */,
			);
			path = "eggplant-brownie";
			sourceTree = "<group>";
		};
		DB5361981E071852007E0763 /* eggplant-brownieTests */ = {
			isa = PBXGroup;
			children = (
				DB5361991E071852007E0763 /* eggplant_brownieTests.swift */,
				DB53619B1E071852007E0763 /* Info.plist */,
			);
			path = "eggplant-brownieTests";
			sourceTree = "<group>";
		};
		DB5361A31E071852007E0763 /* eggplant-brownieUITests */ = {
			isa = PBXGroup;
			children = (
				DB5361A41E071852007E0763 /* eggplant_brownieUITests.swift */,
				DB5361A61E071852007E0763 /* Info.plist */,
			);
			path = "eggplant-brownieUITests";
			sourceTree = "<group>";
		};
/* End PBXGroup section */

/* Begin PBXNativeTarget section */
		DB5361801E071851007E0763 /* eggplant-brownie */ = {
			isa = PBXNativeTarget;
			buildConfigurationList = DB5361A91E071852007E0763 /* Build configuration list for PBXNativeTarget "eggplant-brownie" */;
			buildPhases = (
				DB53617D1E071851007E0763 /* Sources */,
				DB53617E1E071851007E0763 /* Frameworks */,
				DB53617F1E071851007E0763 /* Resources */,
			);
			buildRules = (
			);
			dependencies = (
			);
			name = "eggplant-brownie";
			productName = "eggplant-brownie";
			productReference = DB5361811E071851007E0763 /* eggplant-brownie.app */;
			productType = "com.apple.product-type.application";
		};
		DB5361941E071852007E0763 /* eggplant-brownieTests */ = {
			isa = PBXNativeTarget;
			buildConfigurationList = DB5361AC1E071852007E0763 /* Build configuration list for PBXNativeTarget "eggplant-brownieTests" */;
			buildPhases = (
				DB5361911E071852007E0763 /* Sources */,
				DB5361921E071852007E0763 /* Frameworks */,
				DB5361931E071852007E0763 /* Resources */,
			);
			buildRules = (
			);
			dependencies = (
				DB5361971E071852007E0763 /* PBXTargetDependency */,
			);
			name = "eggplant-brownieTests";
			productName = "eggplant-brownieTests";
			productReference = DB5361951E071852007E0763 /* eggplant-brownieTests.xctest */;
			productType = "com.apple.product-type.bundle.unit-test";
		};
		DB53619F1E071852007E0763 /* eggplant-brownieUITests */ = {
			isa = PBXNativeTarget;
			buildConfigurationList = DB5361AF1E071852007E0763 /* Build configuration list for PBXNativeTarget "eggplant-brownieUITests" */;
			buildPhases = (
				DB53619C1E071852007E0763 /* Sources */,
				DB53619D1E071852007E0763 /* Frameworks */,
				DB53619E1E071852007E0763 /* Resources */,
			);
			buildRules = (
			);
			dependencies = (
				DB5361A21E071852007E0763 /* PBXTargetDependency */,
			);
			name = "eggplant-brownieUITests";
			productName = "eggplant-brownieUITests";
			productReference = DB5361A01E071852007E0763 /* eggplant-brownieUITests.xctest */;
			productType = "com.apple.product-type.bundle.ui-testing";
		};
/* End PBXNativeTarget section */

/* Begin PBXProject section */
		DB5361791E071851007E0763 /* Project object */ = {
			isa = PBXProject;
			attributes = {
				LastSwiftUpdateCheck = 0810;
				LastUpgradeCheck = 0810;
				ORGANIZATIONNAME = Cesar;
				TargetAttributes = {
					DB5361801E071851007E0763 = {
						CreatedOnToolsVersion = 8.1;
						DevelopmentTeam = ESQS39HEC9;
						ProvisioningStyle = Automatic;
					};
					DB5361941E071852007E0763 = {
						CreatedOnToolsVersion = 8.1;
						ProvisioningStyle = Automatic;
						TestTargetID = DB5361801E071851007E0763;
					};
					DB53619F1E071852007E0763 = {
						CreatedOnToolsVersion = 8.1;
						ProvisioningStyle = Automatic;
						TestTargetID = DB5361801E071851007E0763;
					};
				};
			};
			buildConfigurationList = DB53617C1E071851007E0763 /* Build configuration list for PBXProject "eggplant-brownie" */;
			compatibilityVersion = "Xcode 3.2";
			developmentRegion = English;
			hasScannedForEncodings = 0;
			knownRegions = (
				en,
				Base,
			);
			mainGroup = DB5361781E071851007E0763;
			productRefGroup = DB5361821E071851007E0763 /* Products */;
			projectDirPath = "";
			projectRoot = "";
			targets = (
				DB5361801E071851007E0763 /* eggplant-brownie */,
				DB5361941E071852007E0763 /* eggplant-brownieTests */,
				DB53619F1E071852007E0763 /* eggplant-brownieUITests */,
			);
		};
/* End PBXProject section */

/* Begin PBXResourcesBuildPhase section */
		DB53617F1E071851007E0763 /* Resources */ = {
			isa = PBXResourcesBuildPhase;
			buildActionMask = 2147483647;
			files = (
				DB53618F1E071851007E0763 /* LaunchScreen.storyboard in Resources */,
				DB53618C1E071851007E0763 /* Assets.xcassets in Resources */,
				DB53618A1E071851007E0763 /* Main.storyboard in Resources */,
			);
			runOnlyForDeploymentPostprocessing = 0;
		};
		DB5361931E071852007E0763 /* Resources */ = {
			isa = PBXResourcesBuildPhase;
			buildActionMask = 2147483647;
			files = (
			);
			runOnlyForDeploymentPostprocessing = 0;
		};
		DB53619E1E071852007E0763 /* Resources */ = {
			isa = PBXResourcesBuildPhase;
			buildActionMask = 2147483647;
			files = (
			);
			runOnlyForDeploymentPostprocessing = 0;
		};
/* End PBXResourcesBuildPhase section */

/* Begin PBXSourcesBuildPhase section */
		DB53617D1E071851007E0763 /* Sources */ = {
			isa = PBXSourcesBuildPhase;
			buildActionMask = 2147483647;
			files = (
				DB5361871E071851007E0763 /* ViewController.swift in Sources */,
				DB5361851E071851007E0763 /* AppDelegate.swift in Sources */,
			);
			runOnlyForDeploymentPostprocessing = 0;
		};
		DB5361911E071852007E0763 /* Sources */ = {
			isa = PBXSourcesBuildPhase;
			buildActionMask = 2147483647;
			files = (
				DB53619A1E071852007E0763 /* eggplant_brownieTests.swift in Sources */,
			);
			runOnlyForDeploymentPostprocessing = 0;
		};
		DB53619C1E071852007E0763 /* Sources */ = {
			isa = PBXSourcesBuildPhase;
			buildActionMask = 2147483647;
			files = (
				DB5361A51E071852007E0763 /* eggplant_brownieUITests.swift in Sources */,
			);
			runOnlyForDeploymentPostprocessing = 0;
		};
/* End PBXSourcesBuildPhase section */

/* Begin PBXTargetDependency section */
		DB5361971E071852007E0763 /* PBXTargetDependency */ = {
			isa = PBXTargetDependency;
			target = DB5361801E071851007E0763 /* eggplant-brownie */;
			targetProxy = DB5361961E071852007E0763 /* PBXContainerItemProxy */;
		};
		DB5361A21E071852007E0763 /* PBXTargetDependency */ = {
			isa = PBXTargetDependency;
			target = DB5361801E071851007E0763 /* eggplant-brownie */;
			targetProxy = DB5361A11E071852007E0763 /* PBXContainerItemProxy */;
		};
/* End PBXTargetDependency section */

/* Begin PBXVariantGroup section */
		DB5361881E071851007E0763 /* Main.storyboard */ = {
			isa = PBXVariantGroup;
			children = (
				DB5361891E071851007E0763 /* Base */,
			);
			name = Main.storyboard;
			sourceTree = "<group>";
		};
		DB53618D1E071851007E0763 /* LaunchScreen.storyboard */ = {
			isa = PBXVariantGroup;
			children = (
				DB53618E1E071851007E0763 /* Base */,
			);
			name = LaunchScreen.storyboard;
			sourceTree = "<group>";
		};
/* End PBXVariantGroup section */

/* Begin XCBuildConfiguration section */
		DB5361A71E071852007E0763 /* Debug */ = {
			isa = XCBuildConfiguration;
			buildSettings = {
				ALWAYS_SEARCH_USER_PATHS = NO;
				CLANG_ANALYZER_NONNULL = YES;
				CLANG_CXX_LANGUAGE_STANDARD = "gnu++0x";
				CLANG_CXX_LIBRARY = "libc++";
				CLANG_ENABLE_MODULES = YES;
				CLANG_ENABLE_OBJC_ARC = YES;
				CLANG_WARN_BOOL_CONVERSION = YES;
				CLANG_WARN_CONSTANT_CONVERSION = YES;
				CLANG_WARN_DIRECT_OBJC_ISA_USAGE = YES_ERROR;
				CLANG_WARN_DOCUMENTATION_COMMENTS = YES;
				CLANG_WARN_EMPTY_BODY = YES;
				CLANG_WARN_ENUM_CONVERSION = YES;
				CLANG_WARN_INFINITE_RECURSION = YES;
				CLANG_WARN_INT_CONVERSION = YES;
				CLANG_WARN_OBJC_ROOT_CLASS = YES_ERROR;
				CLANG_WARN_SUSPICIOUS_MOVES = YES;
				CLANG_WARN_UNREACHABLE_CODE = YES;
				CLANG_WARN__DUPLICATE_METHOD_MATCH = YES;
				"CODE_SIGN_IDENTITY[sdk=iphoneos*]" = "iPhone Developer";
				COPY_PHASE_STRIP = NO;
				DEBUG_INFORMATION_FORMAT = dwarf;
				ENABLE_STRICT_OBJC_MSGSEND = YES;
				ENABLE_TESTABILITY = YES;
				GCC_C_LANGUAGE_STANDARD = gnu99;
				GCC_DYNAMIC_NO_PIC = NO;
				GCC_NO_COMMON_BLOCKS = YES;
				GCC_OPTIMIZATION_LEVEL = 0;
				GCC_PREPROCESSOR_DEFINITIONS = (
					"DEBUG=1",
					"$(inherited)",
				);
				GCC_WARN_64_TO_32_BIT_CONVERSION = YES;
				GCC_WARN_ABOUT_RETURN_TYPE = YES_ERROR;
				GCC_WARN_UNDECLARED_SELECTOR = YES;
				GCC_WARN_UNINITIALIZED_AUTOS = YES_AGGRESSIVE;
				GCC_WARN_UNUSED_FUNCTION = YES;
				GCC_WARN_UNUSED_VARIABLE = YES;
				IPHONEOS_DEPLOYMENT_TARGET = 10.1;
				MTL_ENABLE_DEBUG_INFO = YES;
				ONLY_ACTIVE_ARCH = YES;
				SDKROOT = iphoneos;
				SWIFT_ACTIVE_COMPILATION_CONDITIONS = DEBUG;
				SWIFT_OPTIMIZATION_LEVEL = "-Onone";
			};
			name = Debug;
		};
		DB5361A81E071852007E0763 /* Release */ = {
			isa = XCBuildConfiguration;
			buildSettings = {
				ALWAYS_SEARCH_USER_PATHS = NO;
				CLANG_ANALYZER_NONNULL = YES;
				CLANG_CXX_LANGUAGE_STANDARD = "gnu++0x";
				CLANG_CXX_LIBRARY = "libc++";
				CLANG_ENABLE_MODULES = YES;
				CLANG_ENABLE_OBJC_ARC = YES;
				CLANG_WARN_BOOL_CONVERSION = YES;
				CLANG_WARN_CONSTANT_CONVERSION = YES;
				CLANG_WARN_DIRECT_OBJC_ISA_USAGE = YES_ERROR;
				CLANG_WARN_DOCUMENTATION_COMMENTS = YES;
				CLANG_WARN_EMPTY_BODY = YES;
				CLANG_WARN_ENUM_CONVERSION = YES;
				CLANG_WARN_INFINITE_RECURSION = YES;
				CLANG_WARN_INT_CONVERSION = YES;
				CLANG_WARN_OBJC_ROOT_CLASS = YES_ERROR;
				CLANG_WARN_SUSPICIOUS_MOVES = YES;
				CLANG_WARN_UNREACHABLE_CODE = YES;
				CLANG_WARN__DUPLICATE_METHOD_MATCH = YES;
				"CODE_SIGN_IDENTITY[sdk=iphoneos*]" = "iPhone Developer";
				COPY_PHASE_STRIP = NO;
				DEBUG_INFORMATION_FORMAT = "dwarf-with-dsym";
				ENABLE_NS_ASSERTIONS = NO;
				ENABLE_STRICT_OBJC_MSGSEND = YES;
				GCC_C_LANGUAGE_STANDARD = gnu99;
				GCC_NO_COMMON_BLOCKS = YES;
				GCC_WARN_64_TO_32_BIT_CONVERSION = YES;
				GCC_WARN_ABOUT_RETURN_TYPE = YES_ERROR;
				GCC_WARN_UNDECLARED_SELECTOR = YES;
				GCC_WARN_UNINITIALIZED_AUTOS = YES_AGGRESSIVE;
				GCC_WARN_UNUSED_FUNCTION = YES;
				GCC_WARN_UNUSED_VARIABLE = YES;
				IPHONEOS_DEPLOYMENT_TARGET = 10.1;
				MTL_ENABLE_DEBUG_INFO = NO;
				SDKROOT = iphoneos;
				SWIFT_OPTIMIZATION_LEVEL = "-Owholemodule";
				VALIDATE_PRODUCT = YES;
			};
			name = Release;
		};
		DB5361AA1E071852007E0763 /* Debug */ = {
			isa = XCBuildConfiguration;
			buildSettings = {
				ASSETCATALOG_COMPILER_APPICON_NAME = AppIcon;
				DEVELOPMENT_TEAM = ESQS39HEC9;
				INFOPLIST_FILE = "eggplant-brownie/Info.plist";
				LD_RUNPATH_SEARCH_PATHS = "$(inherited) @executable_path/Frameworks";
				PRODUCT_BUNDLE_IDENTIFIER = "com.cesar.eggplant-brownie";
				PRODUCT_NAME = "$(TARGET_NAME)";
				SWIFT_VERSION = 3.0;
			};
			name = Debug;
		};
		DB5361AB1E071852007E0763 /* Release */ = {
			isa = XCBuildConfiguration;
			buildSettings = {
				ASSETCATALOG_COMPILER_APPICON_NAME = AppIcon;
				DEVELOPMENT_TEAM = ESQS39HEC9;
				INFOPLIST_FILE = "eggplant-brownie/Info.plist";
				LD_RUNPATH_SEARCH_PATHS = "$(inherited) @executable_path/Frameworks";
				PRODUCT_BUNDLE_IDENTIFIER = "com.cesar.eggplant-brownie";
				PRODUCT_NAME = "$(TARGET_NAME)";
				SWIFT_VERSION = 3.0;
			};
			name = Release;
		};
		DB5361AD1E071852007E0763 /* Debug */ = {
			isa = XCBuildConfiguration;
			buildSettings = {
				ALWAYS_EMBED_SWIFT_STANDARD_LIBRARIES = YES;
				BUNDLE_LOADER = "$(TEST_HOST)";
				INFOPLIST_FILE = "eggplant-brownieTests/Info.plist";
				LD_RUNPATH_SEARCH_PATHS = "$(inherited) @executable_path/Frameworks @loader_path/Frameworks";
				PRODUCT_BUNDLE_IDENTIFIER = "com.cesar.eggplant-brownieTests";
				PRODUCT_NAME = "$(TARGET_NAME)";
				SWIFT_VERSION = 3.0;
				TEST_HOST = "$(BUILT_PRODUCTS_DIR)/eggplant-brownie.app/eggplant-brownie";
			};
			name = Debug;
		};
		DB5361AE1E071852007E0763 /* Release */ = {
			isa = XCBuildConfiguration;
			buildSettings = {
				ALWAYS_EMBED_SWIFT_STANDARD_LIBRARIES = YES;
				BUNDLE_LOADER = "$(TEST_HOST)";
				INFOPLIST_FILE = "eggplant-brownieTests/Info.plist";
				LD_RUNPATH_SEARCH_PATHS = "$(inherited) @executable_path/Frameworks @loader_path/Frameworks";
				PRODUCT_BUNDLE_IDENTIFIER = "com.cesar.eggplant-brownieTests";
				PRODUCT_NAME = "$(TARGET_NAME)";
				SWIFT_VERSION = 3.0;
				TEST_HOST = "$(BUILT_PRODUCTS_DIR)/eggplant-brownie.app/eggplant-brownie";
			};
			name = Release;
		};
		DB5361B01E071852007E0763 /* Debug */ = {
			isa = XCBuildConfiguration;
			buildSettings = {
				ALWAYS_EMBED_SWIFT_STANDARD_LIBRARIES = YES;
				INFOPLIST_FILE = "eggplant-brownieUITests/Info.plist";
				LD_RUNPATH_SEARCH_PATHS = "$(inherited) @executable_path/Frameworks @loader_path/Frameworks";
				PRODUCT_BUNDLE_IDENTIFIER = "com.cesar.eggplant-brownieUITests";
				PRODUCT_NAME = "$(TARGET_NAME)";
				SWIFT_VERSION = 3.0;
				TEST_TARGET_NAME = "eggplant-brownie";
			};
			name = Debug;
		};
		DB5361B11E071852007E0763 /* Release */ = {
			isa = XCBuildConfiguration;
			buildSettings = {
				ALWAYS_EMBED_SWIFT_STANDARD_LIBRARIES = YES;
				INFOPLIST_FILE = "eggplant-brownieUITests/Info.plist";
				LD_RUNPATH_SEARCH_PATHS = "$(inherited) @executable_path/Frameworks @loader_path/Frameworks";
				PRODUCT_BUNDLE_IDENTIFIER = "com.cesar.eggplant-brownieUITests";
				PRODUCT_NAME = "$(TARGET_NAME)";
				SWIFT_VERSION = 3.0;
				TEST_TARGET_NAME = "eggplant-brownie";
			};
			name = Release;
		};
/* End XCBuildConfiguration section */

/* Begin XCConfigurationList section */
		DB53617C1E071851007E0763 /* Build configuration list for PBXProject "eggplant-brownie" */ = {
			isa = XCConfigurationList;
			buildConfigurations = (
				DB5361A71E071852007E0763 /* Debug */,
				DB5361A81E071852007E0763 /* Release */,
			);
			defaultConfigurationIsVisible = 0;
			defaultConfigurationName = Release;
		};
		DB5361A91E071852007E0763 /* Build configuration list for PBXNativeTarget "eggplant-brownie" */ = {
			isa = XCConfigurationList;
			buildConfigurations = (
				DB5361AA1E071852007E0763 /* Debug */,
				DB5361AB1E071852007E0763 /* Release */,
			);
			defaultConfigurationIsVisible = 0;
		};
		DB5361AC1E071852007E0763 /* Build configuration list for PBXNativeTarget "eggplant-brownieTests" */ = {
			isa = XCConfigurationList;
			buildConfigurations = (
				DB5361AD1E071852007E0763 /* Debug */,
				DB5361AE1E071852007E0763 /* Release */,
			);
			defaultConfigurationIsVisible = 0;
		};
		DB5361AF1E071852007E0763 /* Build configuration list for PBXNativeTarget "eggplant-brownieUITests" */ = {
			isa = XCConfigurationList;
			buildConfigurations = (
				DB5361B01E071852007E0763 /* Debug */,
				DB5361B11E071852007E0763 /* Release */,
			);
			defaultConfigurationIsVisible = 0;
		};
/* End XCConfigurationList section */
	};
	rootObject = DB5361791E071851007E0763 /* Project object */;
}
